
Microsoft Visual Studio Solution File, Format Version 12.00
# Visual Studio Version 17
VisualStudioVersion = 17.9.34714.143
MinimumVisualStudioVersion = 10.0.40219.1
Project("{9A19103F-16F7-4668-BE54-9A1E7A4F7556}") = "Wall.Api", "Wall.Api\Wall.Api.csproj", "{23A121EF-B4DB-4E67-938A-220BF43013E2}"
EndProject
Project("{9A19103F-16F7-4668-BE54-9A1E7A4F7556}") = "Wall.App", "Wall.App\Wall.App.csproj", "{AE06FA8C-A06A-4E1B-9858-3ED231A96B9D}"
EndProject
Global
	GlobalSection(SolutionConfigurationPlatforms) = preSolution
		Debug|Any CPU = Debug|Any CPU
		Release|Any CPU = Release|Any CPU
	EndGlobalSection
	GlobalSection(ProjectConfigurationPlatforms) = postSolution
		{23A121EF-B4DB-4E67-938A-220BF43013E2}.Debug|Any CPU.ActiveCfg = Debug|Any CPU
		{23A121EF-B4DB-4E67-938A-220BF43013E2}.Debug|Any CPU.Build.0 = Debug|Any CPU
		{23A121EF-B4DB-4E67-938A-220BF43013E2}.Release|Any CPU.ActiveCfg = Release|Any CPU
		{23A121EF-B4DB-4E67-938A-220BF43013E2}.Release|Any CPU.Build.0 = Release|Any CPU
		{AE06FA8C-A06A-4E1B-9858-3ED231A96B9D}.Debug|Any CPU.ActiveCfg = Debug|Any CPU
		{AE06FA8C-A06A-4E1B-9858-3ED231A96B9D}.Debug|Any CPU.Build.0 = Debug|Any CPU
		{AE06FA8C-A06A-4E1B-9858-3ED231A96B9D}.Release|Any CPU.ActiveCfg = Release|Any CPU
		{AE06FA8C-A06A-4E1B-9858-3ED231A96B9D}.Release|Any CPU.Build.0 = Release|Any CPU
	EndGlobalSection
	GlobalSection(SolutionProperties) = preSolution
		HideSolutionNode = FALSE
	EndGlobalSection
	GlobalSection(ExtensibilityGlobals) = postSolution
		SolutionGuid = {EE1F0699-3128-4A0A-BA90-6745313BFCD7}
	EndGlobalSection
EndGlobal
